// !$*UTF8*$!
{
	archiveVersion = 1;
	classes = {
	};
	objectVersion = 46;
	objects = {

/* Begin PBXBuildFile section */
		607FACD61AFB9204008FA782 /* AppDelegate.swift in Sources */ = {isa = PBXBuildFile; fileRef = 607FACD51AFB9204008FA782 /* AppDelegate.swift */; };
		607FACD81AFB9204008FA782 /* ViewController.swift in Sources */ = {isa = PBXBuildFile; fileRef = 607FACD71AFB9204008FA782 /* ViewController.swift */; };
		607FACDB1AFB9204008FA782 /* Main.storyboard in Resources */ = {isa = PBXBuildFile; fileRef = 607FACD91AFB9204008FA782 /* Main.storyboard */; };
		607FACDD1AFB9204008FA782 /* Images.xcassets in Resources */ = {isa = PBXBuildFile; fileRef = 607FACDC1AFB9204008FA782 /* Images.xcassets */; };
		607FACE01AFB9204008FA782 /* LaunchScreen.xib in Resources */ = {isa = PBXBuildFile; fileRef = 607FACDE1AFB9204008FA782 /* LaunchScreen.xib */; };
		85760F55241DC67F00437BE3 /* HearthstoneKit-Configuration.plist in Resources */ = {isa = PBXBuildFile; fileRef = 85760F54241DC67F00437BE3 /* HearthstoneKit-Configuration.plist */; };
		85760F56241DC75E00437BE3 /* DecklistTests.swift in Sources */ = {isa = PBXBuildFile; fileRef = 85760F1E241DC65400437BE3 /* DecklistTests.swift */; };
		85760F57241DC75E00437BE3 /* DeckstringTests.swift in Sources */ = {isa = PBXBuildFile; fileRef = 85760F26241DC65400437BE3 /* DeckstringTests.swift */; };
		85760F58241DC76200437BE3 /* HearthstoneAPITests.swift in Sources */ = {isa = PBXBuildFile; fileRef = 85760F20241DC65400437BE3 /* HearthstoneAPITests.swift */; };
		85760F59241DC76700437BE3 /* MetadataTests.swift in Sources */ = {isa = PBXBuildFile; fileRef = 85760F22241DC65400437BE3 /* MetadataTests.swift */; };
		85760F5A241DC76700437BE3 /* CardTests.swift in Sources */ = {isa = PBXBuildFile; fileRef = 85760F23241DC65400437BE3 /* CardTests.swift */; };
		85760F5B241DC76700437BE3 /* CardBackTests.swift in Sources */ = {isa = PBXBuildFile; fileRef = 85760F24241DC65400437BE3 /* CardBackTests.swift */; };
		85760F5C241DC76700437BE3 /* DeckTests.swift in Sources */ = {isa = PBXBuildFile; fileRef = 85760F25241DC65400437BE3 /* DeckTests.swift */; };
		85760F5D241DC76D00437BE3 /* sample_minion_type.json in Resources */ = {isa = PBXBuildFile; fileRef = 85760F28241DC65400437BE3 /* sample_minion_type.json */; };
		85760F5E241DC76D00437BE3 /* sample_card_keyword.json in Resources */ = {isa = PBXBuildFile; fileRef = 85760F29241DC65400437BE3 /* sample_card_keyword.json */; };
		85760F5F241DC76D00437BE3 /* sample_card_weapon.json in Resources */ = {isa = PBXBuildFile; fileRef = 85760F2A241DC65400437BE3 /* sample_card_weapon.json */; };
		85760F60241DC76D00437BE3 /* sample_card_hero_skin.json in Resources */ = {isa = PBXBuildFile; fileRef = 85760F2B241DC65400437BE3 /* sample_card_hero_skin.json */; };
		85760F61241DC76D00437BE3 /* sample_card_hero_playable.json in Resources */ = {isa = PBXBuildFile; fileRef = 85760F2C241DC65400437BE3 /* sample_card_hero_playable.json */; };
		85760F62241DC76D00437BE3 /* sample_card_back_category.json in Resources */ = {isa = PBXBuildFile; fileRef = 85760F2D241DC65400437BE3 /* sample_card_back_category.json */; };
		85760F63241DC76D00437BE3 /* sample_deck.json in Resources */ = {isa = PBXBuildFile; fileRef = 85760F2E241DC65400437BE3 /* sample_deck.json */; };
		85760F64241DC76D00437BE3 /* sample_expansion_set.json in Resources */ = {isa = PBXBuildFile; fileRef = 85760F2F241DC65400437BE3 /* sample_expansion_set.json */; };
		85760F65241DC76D00437BE3 /* sample_player_class.json in Resources */ = {isa = PBXBuildFile; fileRef = 85760F30241DC65400437BE3 /* sample_player_class.json */; };
		85760F66241DC76D00437BE3 /* sample_card_type.json in Resources */ = {isa = PBXBuildFile; fileRef = 85760F31241DC65400437BE3 /* sample_card_type.json */; };
		85760F67241DC76D00437BE3 /* sample_card_spell.json in Resources */ = {isa = PBXBuildFile; fileRef = 85760F32241DC65400437BE3 /* sample_card_spell.json */; };
		85760F68241DC76D00437BE3 /* sample_card_minion.json in Resources */ = {isa = PBXBuildFile; fileRef = 85760F33241DC65400437BE3 /* sample_card_minion.json */; };
		85760F69241DC76D00437BE3 /* sample_card_back.json in Resources */ = {isa = PBXBuildFile; fileRef = 85760F34241DC65400437BE3 /* sample_card_back.json */; };
		85760F6A241DC76D00437BE3 /* sample_expansion_set_group.json in Resources */ = {isa = PBXBuildFile; fileRef = 85760F35241DC65400437BE3 /* sample_expansion_set_group.json */; };
		85760F6B241DC76D00437BE3 /* sample_game_mode.json in Resources */ = {isa = PBXBuildFile; fileRef = 85760F36241DC65400437BE3 /* sample_game_mode.json */; };
		85760F6C241DC76D00437BE3 /* sample_rarity.json in Resources */ = {isa = PBXBuildFile; fileRef = 85760F37241DC65400437BE3 /* sample_rarity.json */; };
		85760F6D241DC77200437BE3 /* HSKitTestCase.swift in Sources */ = {isa = PBXBuildFile; fileRef = 85760F39241DC65400437BE3 /* HSKitTestCase.swift */; };
		85760F6E241DC77200437BE3 /* SampleFile.swift in Sources */ = {isa = PBXBuildFile; fileRef = 85760F3A241DC65400437BE3 /* SampleFile.swift */; };
		85760F70241DCC4A00437BE3 /* BattleNetAPITests.swift in Sources */ = {isa = PBXBuildFile; fileRef = 85760F6F241DCC4A00437BE3 /* BattleNetAPITests.swift */; };
		9A6C313D03CE6F80F651B257 /* Pods_HearthstoneKit_Example.framework in Frameworks */ = {isa = PBXBuildFile; fileRef = 5FFFBAE469EEAE6B8719AC06 /* Pods_HearthstoneKit_Example.framework */; };
		BB0B6715EEC1709038825DB2 /* Pods_HearthstoneKit_Tests.framework in Frameworks */ = {isa = PBXBuildFile; fileRef = BD5E9CDD2B356E7F2BF4F251 /* Pods_HearthstoneKit_Tests.framework */; };
/* End PBXBuildFile section */

/* Begin PBXContainerItemProxy section */
		607FACE61AFB9204008FA782 /* PBXContainerItemProxy */ = {
			isa = PBXContainerItemProxy;
			containerPortal = 607FACC81AFB9204008FA782 /* Project object */;
			proxyType = 1;
			remoteGlobalIDString = 607FACCF1AFB9204008FA782;
			remoteInfo = HearthstoneKit;
		};
/* End PBXContainerItemProxy section */

/* Begin PBXFileReference section */
		151418238202E5A175756EEA /* LICENSE */ = {isa = PBXFileReference; includeInIndex = 1; lastKnownFileType = text; name = LICENSE; path = ../LICENSE; sourceTree = "<group>"; };
		1A78218C0C81B5F7B2649127 /* HearthstoneKit.podspec */ = {isa = PBXFileReference; includeInIndex = 1; lastKnownFileType = text; name = HearthstoneKit.podspec; path = ../HearthstoneKit.podspec; sourceTree = "<group>"; xcLanguageSpecificationIdentifier = xcode.lang.ruby; };
		29852CE3AC8C15E0B3983648 /* Pods-HearthstoneKit_Tests.debug.xcconfig */ = {isa = PBXFileReference; includeInIndex = 1; lastKnownFileType = text.xcconfig; name = "Pods-HearthstoneKit_Tests.debug.xcconfig"; path = "Target Support Files/Pods-HearthstoneKit_Tests/Pods-HearthstoneKit_Tests.debug.xcconfig"; sourceTree = "<group>"; };
		3981DA56150863E524FA00B5 /* Pods-HearthstoneKit_Example.debug.xcconfig */ = {isa = PBXFileReference; includeInIndex = 1; lastKnownFileType = text.xcconfig; name = "Pods-HearthstoneKit_Example.debug.xcconfig"; path = "Target Support Files/Pods-HearthstoneKit_Example/Pods-HearthstoneKit_Example.debug.xcconfig"; sourceTree = "<group>"; };
		45A83DB064C6B0AC366F116C /* Pods-HearthstoneKit_Tests.release.xcconfig */ = {isa = PBXFileReference; includeInIndex = 1; lastKnownFileType = text.xcconfig; name = "Pods-HearthstoneKit_Tests.release.xcconfig"; path = "Target Support Files/Pods-HearthstoneKit_Tests/Pods-HearthstoneKit_Tests.release.xcconfig"; sourceTree = "<group>"; };
		5FFFBAE469EEAE6B8719AC06 /* Pods_HearthstoneKit_Example.framework */ = {isa = PBXFileReference; explicitFileType = wrapper.framework; includeInIndex = 0; path = Pods_HearthstoneKit_Example.framework; sourceTree = BUILT_PRODUCTS_DIR; };
		607FACD01AFB9204008FA782 /* HearthstoneKit_Example.app */ = {isa = PBXFileReference; explicitFileType = wrapper.application; includeInIndex = 0; path = HearthstoneKit_Example.app; sourceTree = BUILT_PRODUCTS_DIR; };
		607FACD41AFB9204008FA782 /* Info.plist */ = {isa = PBXFileReference; lastKnownFileType = text.plist.xml; path = Info.plist; sourceTree = "<group>"; };
		607FACD51AFB9204008FA782 /* AppDelegate.swift */ = {isa = PBXFileReference; lastKnownFileType = sourcecode.swift; path = AppDelegate.swift; sourceTree = "<group>"; };
		607FACD71AFB9204008FA782 /* ViewController.swift */ = {isa = PBXFileReference; lastKnownFileType = sourcecode.swift; path = ViewController.swift; sourceTree = "<group>"; };
		607FACDA1AFB9204008FA782 /* Base */ = {isa = PBXFileReference; lastKnownFileType = file.storyboard; name = Base; path = Base.lproj/Main.storyboard; sourceTree = "<group>"; };
		607FACDC1AFB9204008FA782 /* Images.xcassets */ = {isa = PBXFileReference; lastKnownFileType = folder.assetcatalog; path = Images.xcassets; sourceTree = "<group>"; };
		607FACDF1AFB9204008FA782 /* Base */ = {isa = PBXFileReference; lastKnownFileType = file.xib; name = Base; path = Base.lproj/LaunchScreen.xib; sourceTree = "<group>"; };
		607FACE51AFB9204008FA782 /* HearthstoneKit_Tests.xctest */ = {isa = PBXFileReference; explicitFileType = wrapper.cfbundle; includeInIndex = 0; path = HearthstoneKit_Tests.xctest; sourceTree = BUILT_PRODUCTS_DIR; };
		607FACEA1AFB9204008FA782 /* Info.plist */ = {isa = PBXFileReference; lastKnownFileType = text.plist.xml; path = Info.plist; sourceTree = "<group>"; };
		85760F1E241DC65400437BE3 /* DecklistTests.swift */ = {isa = PBXFileReference; fileEncoding = 4; lastKnownFileType = sourcecode.swift; path = DecklistTests.swift; sourceTree = "<group>"; };
		85760F20241DC65400437BE3 /* HearthstoneAPITests.swift */ = {isa = PBXFileReference; fileEncoding = 4; lastKnownFileType = sourcecode.swift; path = HearthstoneAPITests.swift; sourceTree = "<group>"; };
		85760F22241DC65400437BE3 /* MetadataTests.swift */ = {isa = PBXFileReference; fileEncoding = 4; lastKnownFileType = sourcecode.swift; path = MetadataTests.swift; sourceTree = "<group>"; };
		85760F23241DC65400437BE3 /* CardTests.swift */ = {isa = PBXFileReference; fileEncoding = 4; lastKnownFileType = sourcecode.swift; path = CardTests.swift; sourceTree = "<group>"; };
		85760F24241DC65400437BE3 /* CardBackTests.swift */ = {isa = PBXFileReference; fileEncoding = 4; lastKnownFileType = sourcecode.swift; path = CardBackTests.swift; sourceTree = "<group>"; };
		85760F25241DC65400437BE3 /* DeckTests.swift */ = {isa = PBXFileReference; fileEncoding = 4; lastKnownFileType = sourcecode.swift; path = DeckTests.swift; sourceTree = "<group>"; };
		85760F26241DC65400437BE3 /* DeckstringTests.swift */ = {isa = PBXFileReference; fileEncoding = 4; lastKnownFileType = sourcecode.swift; path = DeckstringTests.swift; sourceTree = "<group>"; };
		85760F28241DC65400437BE3 /* sample_minion_type.json */ = {isa = PBXFileReference; fileEncoding = 4; lastKnownFileType = text.json; path = sample_minion_type.json; sourceTree = "<group>"; };
		85760F29241DC65400437BE3 /* sample_card_keyword.json */ = {isa = PBXFileReference; fileEncoding = 4; lastKnownFileType = text.json; path = sample_card_keyword.json; sourceTree = "<group>"; };
		85760F2A241DC65400437BE3 /* sample_card_weapon.json */ = {isa = PBXFileReference; fileEncoding = 4; lastKnownFileType = text.json; path = sample_card_weapon.json; sourceTree = "<group>"; };
		85760F2B241DC65400437BE3 /* sample_card_hero_skin.json */ = {isa = PBXFileReference; fileEncoding = 4; lastKnownFileType = text.json; path = sample_card_hero_skin.json; sourceTree = "<group>"; };
		85760F2C241DC65400437BE3 /* sample_card_hero_playable.json */ = {isa = PBXFileReference; fileEncoding = 4; lastKnownFileType = text.json; path = sample_card_hero_playable.json; sourceTree = "<group>"; };
		85760F2D241DC65400437BE3 /* sample_card_back_category.json */ = {isa = PBXFileReference; fileEncoding = 4; lastKnownFileType = text.json; path = sample_card_back_category.json; sourceTree = "<group>"; };
		85760F2E241DC65400437BE3 /* sample_deck.json */ = {isa = PBXFileReference; fileEncoding = 4; lastKnownFileType = text.json; path = sample_deck.json; sourceTree = "<group>"; };
		85760F2F241DC65400437BE3 /* sample_expansion_set.json */ = {isa = PBXFileReference; fileEncoding = 4; lastKnownFileType = text.json; path = sample_expansion_set.json; sourceTree = "<group>"; };
		85760F30241DC65400437BE3 /* sample_player_class.json */ = {isa = PBXFileReference; fileEncoding = 4; lastKnownFileType = text.json; path = sample_player_class.json; sourceTree = "<group>"; };
		85760F31241DC65400437BE3 /* sample_card_type.json */ = {isa = PBXFileReference; fileEncoding = 4; lastKnownFileType = text.json; path = sample_card_type.json; sourceTree = "<group>"; };
		85760F32241DC65400437BE3 /* sample_card_spell.json */ = {isa = PBXFileReference; fileEncoding = 4; lastKnownFileType = text.json; path = sample_card_spell.json; sourceTree = "<group>"; };
		85760F33241DC65400437BE3 /* sample_card_minion.json */ = {isa = PBXFileReference; fileEncoding = 4; lastKnownFileType = text.json; path = sample_card_minion.json; sourceTree = "<group>"; };
		85760F34241DC65400437BE3 /* sample_card_back.json */ = {isa = PBXFileReference; fileEncoding = 4; lastKnownFileType = text.json; path = sample_card_back.json; sourceTree = "<group>"; };
		85760F35241DC65400437BE3 /* sample_expansion_set_group.json */ = {isa = PBXFileReference; fileEncoding = 4; lastKnownFileType = text.json; path = sample_expansion_set_group.json; sourceTree = "<group>"; };
		85760F36241DC65400437BE3 /* sample_game_mode.json */ = {isa = PBXFileReference; fileEncoding = 4; lastKnownFileType = text.json; path = sample_game_mode.json; sourceTree = "<group>"; };
		85760F37241DC65400437BE3 /* sample_rarity.json */ = {isa = PBXFileReference; fileEncoding = 4; lastKnownFileType = text.json; path = sample_rarity.json; sourceTree = "<group>"; };
		85760F39241DC65400437BE3 /* HSKitTestCase.swift */ = {isa = PBXFileReference; fileEncoding = 4; lastKnownFileType = sourcecode.swift; path = HSKitTestCase.swift; sourceTree = "<group>"; };
		85760F3A241DC65400437BE3 /* SampleFile.swift */ = {isa = PBXFileReference; fileEncoding = 4; lastKnownFileType = sourcecode.swift; path = SampleFile.swift; sourceTree = "<group>"; };
		85760F54241DC67F00437BE3 /* HearthstoneKit-Configuration.plist */ = {isa = PBXFileReference; fileEncoding = 4; lastKnownFileType = text.plist.xml; path = "HearthstoneKit-Configuration.plist"; sourceTree = "<group>"; };
		85760F6F241DCC4A00437BE3 /* BattleNetAPITests.swift */ = {isa = PBXFileReference; lastKnownFileType = sourcecode.swift; path = BattleNetAPITests.swift; sourceTree = "<group>"; };
		9D68D4031AF876CEAD4550F3 /* Pods-HearthstoneKit_Example.release.xcconfig */ = {isa = PBXFileReference; includeInIndex = 1; lastKnownFileType = text.xcconfig; name = "Pods-HearthstoneKit_Example.release.xcconfig"; path = "Target Support Files/Pods-HearthstoneKit_Example/Pods-HearthstoneKit_Example.release.xcconfig"; sourceTree = "<group>"; };
		BD5E9CDD2B356E7F2BF4F251 /* Pods_HearthstoneKit_Tests.framework */ = {isa = PBXFileReference; explicitFileType = wrapper.framework; includeInIndex = 0; path = Pods_HearthstoneKit_Tests.framework; sourceTree = BUILT_PRODUCTS_DIR; };
		F9A0EDC64EA403F46FB57603 /* README.md */ = {isa = PBXFileReference; includeInIndex = 1; lastKnownFileType = net.daringfireball.markdown; name = README.md; path = ../README.md; sourceTree = "<group>"; };
/* End PBXFileReference section */

/* Begin PBXFrameworksBuildPhase section */
		607FACCD1AFB9204008FA782 /* Frameworks */ = {
			isa = PBXFrameworksBuildPhase;
			buildActionMask = 2147483647;
			files = (
				9A6C313D03CE6F80F651B257 /* Pods_HearthstoneKit_Example.framework in Frameworks */,
			);
			runOnlyForDeploymentPostprocessing = 0;
		};
		607FACE21AFB9204008FA782 /* Frameworks */ = {
			isa = PBXFrameworksBuildPhase;
			buildActionMask = 2147483647;
			files = (
				BB0B6715EEC1709038825DB2 /* Pods_HearthstoneKit_Tests.framework in Frameworks */,
			);
			runOnlyForDeploymentPostprocessing = 0;
		};
/* End PBXFrameworksBuildPhase section */

/* Begin PBXGroup section */
		607FACC71AFB9204008FA782 = {
			isa = PBXGroup;
			children = (
				607FACF51AFB993E008FA782 /* Podspec Metadata */,
				607FACD21AFB9204008FA782 /* Example for HearthstoneKit */,
				607FACE81AFB9204008FA782 /* Tests */,
				607FACD11AFB9204008FA782 /* Products */,
				DFF068E3DE2A523BC2248D39 /* Pods */,
				DFD3CB96D80D45CA6DA727ED /* Frameworks */,
			);
			sourceTree = "<group>";
		};
		607FACD11AFB9204008FA782 /* Products */ = {
			isa = PBXGroup;
			children = (
				607FACD01AFB9204008FA782 /* HearthstoneKit_Example.app */,
				607FACE51AFB9204008FA782 /* HearthstoneKit_Tests.xctest */,
			);
			name = Products;
			sourceTree = "<group>";
		};
		607FACD21AFB9204008FA782 /* Example for HearthstoneKit */ = {
			isa = PBXGroup;
			children = (
				85760F54241DC67F00437BE3 /* HearthstoneKit-Configuration.plist */,
				607FACD51AFB9204008FA782 /* AppDelegate.swift */,
				607FACD71AFB9204008FA782 /* ViewController.swift */,
				607FACD91AFB9204008FA782 /* Main.storyboard */,
				607FACDC1AFB9204008FA782 /* Images.xcassets */,
				607FACDE1AFB9204008FA782 /* LaunchScreen.xib */,
				607FACD31AFB9204008FA782 /* Supporting Files */,
			);
			name = "Example for HearthstoneKit";
			path = HearthstoneKit;
			sourceTree = "<group>";
		};
		607FACD31AFB9204008FA782 /* Supporting Files */ = {
			isa = PBXGroup;
			children = (
				607FACD41AFB9204008FA782 /* Info.plist */,
			);
			name = "Supporting Files";
			sourceTree = "<group>";
		};
		607FACE81AFB9204008FA782 /* Tests */ = {
			isa = PBXGroup;
			children = (
				85760F1F241DC65400437BE3 /* API */,
				85760F1E241DC65400437BE3 /* DecklistTests.swift */,
				85760F26241DC65400437BE3 /* DeckstringTests.swift */,
				85760F21241DC65400437BE3 /* Models */,
				85760F27241DC65400437BE3 /* Resources */,
				85760F38241DC65400437BE3 /* Testing Support */,
				607FACE91AFB9204008FA782 /* Supporting Files */,
			);
			path = Tests;
			sourceTree = "<group>";
		};
		607FACE91AFB9204008FA782 /* Supporting Files */ = {
			isa = PBXGroup;
			children = (
				607FACEA1AFB9204008FA782 /* Info.plist */,
			);
			name = "Supporting Files";
			sourceTree = "<group>";
		};
		607FACF51AFB993E008FA782 /* Podspec Metadata */ = {
			isa = PBXGroup;
			children = (
				1A78218C0C81B5F7B2649127 /* HearthstoneKit.podspec */,
				F9A0EDC64EA403F46FB57603 /* README.md */,
				151418238202E5A175756EEA /* LICENSE */,
			);
			name = "Podspec Metadata";
			sourceTree = "<group>";
		};
		85760F1F241DC65400437BE3 /* API */ = {
			isa = PBXGroup;
			children = (
				85760F20241DC65400437BE3 /* HearthstoneAPITests.swift */,
				85760F6F241DCC4A00437BE3 /* BattleNetAPITests.swift */,
			);
			path = API;
			sourceTree = "<group>";
		};
		85760F21241DC65400437BE3 /* Models */ = {
			isa = PBXGroup;
			children = (
				85760F22241DC65400437BE3 /* MetadataTests.swift */,
				85760F23241DC65400437BE3 /* CardTests.swift */,
				85760F24241DC65400437BE3 /* CardBackTests.swift */,
				85760F25241DC65400437BE3 /* DeckTests.swift */,
			);
			path = Models;
			sourceTree = "<group>";
		};
		85760F27241DC65400437BE3 /* Resources */ = {
			isa = PBXGroup;
			children = (
				85760F28241DC65400437BE3 /* sample_minion_type.json */,
				85760F29241DC65400437BE3 /* sample_card_keyword.json */,
				85760F2A241DC65400437BE3 /* sample_card_weapon.json */,
				85760F2B241DC65400437BE3 /* sample_card_hero_skin.json */,
				85760F2C241DC65400437BE3 /* sample_card_hero_playable.json */,
				85760F2D241DC65400437BE3 /* sample_card_back_category.json */,
				85760F2E241DC65400437BE3 /* sample_deck.json */,
				85760F2F241DC65400437BE3 /* sample_expansion_set.json */,
				85760F30241DC65400437BE3 /* sample_player_class.json */,
				85760F31241DC65400437BE3 /* sample_card_type.json */,
				85760F32241DC65400437BE3 /* sample_card_spell.json */,
				85760F33241DC65400437BE3 /* sample_card_minion.json */,
				85760F34241DC65400437BE3 /* sample_card_back.json */,
				85760F35241DC65400437BE3 /* sample_expansion_set_group.json */,
				85760F36241DC65400437BE3 /* sample_game_mode.json */,
				85760F37241DC65400437BE3 /* sample_rarity.json */,
			);
			path = Resources;
			sourceTree = "<group>";
		};
		85760F38241DC65400437BE3 /* Testing Support */ = {
			isa = PBXGroup;
			children = (
				85760F39241DC65400437BE3 /* HSKitTestCase.swift */,
				85760F3A241DC65400437BE3 /* SampleFile.swift */,
			);
			path = "Testing Support";
			sourceTree = "<group>";
		};
		DFD3CB96D80D45CA6DA727ED /* Frameworks */ = {
			isa = PBXGroup;
			children = (
				5FFFBAE469EEAE6B8719AC06 /* Pods_HearthstoneKit_Example.framework */,
				BD5E9CDD2B356E7F2BF4F251 /* Pods_HearthstoneKit_Tests.framework */,
			);
			name = Frameworks;
			sourceTree = "<group>";
		};
		DFF068E3DE2A523BC2248D39 /* Pods */ = {
			isa = PBXGroup;
			children = (
				3981DA56150863E524FA00B5 /* Pods-HearthstoneKit_Example.debug.xcconfig */,
				9D68D4031AF876CEAD4550F3 /* Pods-HearthstoneKit_Example.release.xcconfig */,
				29852CE3AC8C15E0B3983648 /* Pods-HearthstoneKit_Tests.debug.xcconfig */,
				45A83DB064C6B0AC366F116C /* Pods-HearthstoneKit_Tests.release.xcconfig */,
			);
			path = Pods;
			sourceTree = "<group>";
		};
/* End PBXGroup section */

/* Begin PBXNativeTarget section */
		607FACCF1AFB9204008FA782 /* HearthstoneKit_Example */ = {
			isa = PBXNativeTarget;
			buildConfigurationList = 607FACEF1AFB9204008FA782 /* Build configuration list for PBXNativeTarget "HearthstoneKit_Example" */;
			buildPhases = (
				A8BD44C8732BD4D72BE762F8 /* [CP] Check Pods Manifest.lock */,
				607FACCC1AFB9204008FA782 /* Sources */,
				607FACCD1AFB9204008FA782 /* Frameworks */,
				607FACCE1AFB9204008FA782 /* Resources */,
				010A488541D1CE3D10378725 /* [CP] Embed Pods Frameworks */,
			);
			buildRules = (
			);
			dependencies = (
			);
			name = HearthstoneKit_Example;
			productName = HearthstoneKit;
			productReference = 607FACD01AFB9204008FA782 /* HearthstoneKit_Example.app */;
			productType = "com.apple.product-type.application";
		};
		607FACE41AFB9204008FA782 /* HearthstoneKit_Tests */ = {
			isa = PBXNativeTarget;
			buildConfigurationList = 607FACF21AFB9204008FA782 /* Build configuration list for PBXNativeTarget "HearthstoneKit_Tests" */;
			buildPhases = (
				955825ADB5233A007FCABC96 /* [CP] Check Pods Manifest.lock */,
				607FACE11AFB9204008FA782 /* Sources */,
				607FACE21AFB9204008FA782 /* Frameworks */,
				607FACE31AFB9204008FA782 /* Resources */,
			);
			buildRules = (
			);
			dependencies = (
				607FACE71AFB9204008FA782 /* PBXTargetDependency */,
			);
			name = HearthstoneKit_Tests;
			productName = Tests;
			productReference = 607FACE51AFB9204008FA782 /* HearthstoneKit_Tests.xctest */;
			productType = "com.apple.product-type.bundle.unit-test";
		};
/* End PBXNativeTarget section */

/* Begin PBXProject section */
		607FACC81AFB9204008FA782 /* Project object */ = {
			isa = PBXProject;
			attributes = {
				LastSwiftUpdateCheck = 0830;
				LastUpgradeCheck = 0830;
				ORGANIZATIONNAME = CocoaPods;
				TargetAttributes = {
					607FACCF1AFB9204008FA782 = {
						CreatedOnToolsVersion = 6.3.1;
						LastSwiftMigration = 0900;
					};
					607FACE41AFB9204008FA782 = {
						CreatedOnToolsVersion = 6.3.1;
						LastSwiftMigration = 0900;
						TestTargetID = 607FACCF1AFB9204008FA782;
					};
				};
			};
			buildConfigurationList = 607FACCB1AFB9204008FA782 /* Build configuration list for PBXProject "HearthstoneKit" */;
			compatibilityVersion = "Xcode 3.2";
			developmentRegion = English;
			hasScannedForEncodings = 0;
			knownRegions = (
				English,
				en,
				Base,
			);
			mainGroup = 607FACC71AFB9204008FA782;
			productRefGroup = 607FACD11AFB9204008FA782 /* Products */;
			projectDirPath = "";
			projectRoot = "";
			targets = (
				607FACCF1AFB9204008FA782 /* HearthstoneKit_Example */,
				607FACE41AFB9204008FA782 /* HearthstoneKit_Tests */,
			);
		};
/* End PBXProject section */

/* Begin PBXResourcesBuildPhase section */
		607FACCE1AFB9204008FA782 /* Resources */ = {
			isa = PBXResourcesBuildPhase;
			buildActionMask = 2147483647;
			files = (
				607FACDB1AFB9204008FA782 /* Main.storyboard in Resources */,
				85760F55241DC67F00437BE3 /* HearthstoneKit-Configuration.plist in Resources */,
				607FACE01AFB9204008FA782 /* LaunchScreen.xib in Resources */,
				607FACDD1AFB9204008FA782 /* Images.xcassets in Resources */,
			);
			runOnlyForDeploymentPostprocessing = 0;
		};
		607FACE31AFB9204008FA782 /* Resources */ = {
			isa = PBXResourcesBuildPhase;
			buildActionMask = 2147483647;
			files = (
				85760F63241DC76D00437BE3 /* sample_deck.json in Resources */,
				85760F66241DC76D00437BE3 /* sample_card_type.json in Resources */,
				85760F62241DC76D00437BE3 /* sample_card_back_category.json in Resources */,
				85760F68241DC76D00437BE3 /* sample_card_minion.json in Resources */,
				85760F64241DC76D00437BE3 /* sample_expansion_set.json in Resources */,
				85760F5D241DC76D00437BE3 /* sample_minion_type.json in Resources */,
				85760F6C241DC76D00437BE3 /* sample_rarity.json in Resources */,
				85760F5F241DC76D00437BE3 /* sample_card_weapon.json in Resources */,
				85760F61241DC76D00437BE3 /* sample_card_hero_playable.json in Resources */,
				85760F67241DC76D00437BE3 /* sample_card_spell.json in Resources */,
				85760F60241DC76D00437BE3 /* sample_card_hero_skin.json in Resources */,
				85760F6A241DC76D00437BE3 /* sample_expansion_set_group.json in Resources */,
				85760F6B241DC76D00437BE3 /* sample_game_mode.json in Resources */,
				85760F5E241DC76D00437BE3 /* sample_card_keyword.json in Resources */,
				85760F65241DC76D00437BE3 /* sample_player_class.json in Resources */,
				85760F69241DC76D00437BE3 /* sample_card_back.json in Resources */,
			);
			runOnlyForDeploymentPostprocessing = 0;
		};
/* End PBXResourcesBuildPhase section */

/* Begin PBXShellScriptBuildPhase section */
		010A488541D1CE3D10378725 /* [CP] Embed Pods Frameworks */ = {
			isa = PBXShellScriptBuildPhase;
			buildActionMask = 2147483647;
			files = (
			);
			inputPaths = (
				"${PODS_ROOT}/Target Support Files/Pods-HearthstoneKit_Example/Pods-HearthstoneKit_Example-frameworks.sh",
				"${BUILT_PRODUCTS_DIR}/HearthstoneKit/HearthstoneKit.framework",
			);
			name = "[CP] Embed Pods Frameworks";
			outputPaths = (
				"${TARGET_BUILD_DIR}/${FRAMEWORKS_FOLDER_PATH}/HearthstoneKit.framework",
			);
			runOnlyForDeploymentPostprocessing = 0;
			shellPath = /bin/sh;
			shellScript = "\"${PODS_ROOT}/Target Support Files/Pods-HearthstoneKit_Example/Pods-HearthstoneKit_Example-frameworks.sh\"\n";
			showEnvVarsInLog = 0;
		};
		955825ADB5233A007FCABC96 /* [CP] Check Pods Manifest.lock */ = {
			isa = PBXShellScriptBuildPhase;
			buildActionMask = 2147483647;
			files = (
			);
			inputFileListPaths = (
			);
			inputPaths = (
				"${PODS_PODFILE_DIR_PATH}/Podfile.lock",
				"${PODS_ROOT}/Manifest.lock",
			);
			name = "[CP] Check Pods Manifest.lock";
			outputFileListPaths = (
			);
			outputPaths = (
				"$(DERIVED_FILE_DIR)/Pods-HearthstoneKit_Tests-checkManifestLockResult.txt",
			);
			runOnlyForDeploymentPostprocessing = 0;
			shellPath = /bin/sh;
			shellScript = "diff \"${PODS_PODFILE_DIR_PATH}/Podfile.lock\" \"${PODS_ROOT}/Manifest.lock\" > /dev/null\nif [ $? != 0 ] ; then\n    # print error to STDERR\n    echo \"error: The sandbox is not in sync with the Podfile.lock. Run 'pod install' or update your CocoaPods installation.\" >&2\n    exit 1\nfi\n# This output is used by Xcode 'outputs' to avoid re-running this script phase.\necho \"SUCCESS\" > \"${SCRIPT_OUTPUT_FILE_0}\"\n";
			showEnvVarsInLog = 0;
		};
		A8BD44C8732BD4D72BE762F8 /* [CP] Check Pods Manifest.lock */ = {
			isa = PBXShellScriptBuildPhase;
			buildActionMask = 2147483647;
			files = (
			);
			inputFileListPaths = (
			);
			inputPaths = (
				"${PODS_PODFILE_DIR_PATH}/Podfile.lock",
				"${PODS_ROOT}/Manifest.lock",
			);
			name = "[CP] Check Pods Manifest.lock";
			outputFileListPaths = (
			);
			outputPaths = (
				"$(DERIVED_FILE_DIR)/Pods-HearthstoneKit_Example-checkManifestLockResult.txt",
			);
			runOnlyForDeploymentPostprocessing = 0;
			shellPath = /bin/sh;
			shellScript = "diff \"${PODS_PODFILE_DIR_PATH}/Podfile.lock\" \"${PODS_ROOT}/Manifest.lock\" > /dev/null\nif [ $? != 0 ] ; then\n    # print error to STDERR\n    echo \"error: The sandbox is not in sync with the Podfile.lock. Run 'pod install' or update your CocoaPods installation.\" >&2\n    exit 1\nfi\n# This output is used by Xcode 'outputs' to avoid re-running this script phase.\necho \"SUCCESS\" > \"${SCRIPT_OUTPUT_FILE_0}\"\n";
			showEnvVarsInLog = 0;
		};
/* End PBXShellScriptBuildPhase section */

/* Begin PBXSourcesBuildPhase section */
		607FACCC1AFB9204008FA782 /* Sources */ = {
			isa = PBXSourcesBuildPhase;
			buildActionMask = 2147483647;
			files = (
				607FACD81AFB9204008FA782 /* ViewController.swift in Sources */,
				607FACD61AFB9204008FA782 /* AppDelegate.swift in Sources */,
			);
			runOnlyForDeploymentPostprocessing = 0;
		};
		607FACE11AFB9204008FA782 /* Sources */ = {
			isa = PBXSourcesBuildPhase;
			buildActionMask = 2147483647;
			files = (
				85760F5B241DC76700437BE3 /* CardBackTests.swift in Sources */,
				85760F58241DC76200437BE3 /* HearthstoneAPITests.swift in Sources */,
				85760F56241DC75E00437BE3 /* DecklistTests.swift in Sources */,
				85760F5C241DC76700437BE3 /* DeckTests.swift in Sources */,
				85760F6E241DC77200437BE3 /* SampleFile.swift in Sources */,
				85760F5A241DC76700437BE3 /* CardTests.swift in Sources */,
				85760F6D241DC77200437BE3 /* HSKitTestCase.swift in Sources */,
				85760F59241DC76700437BE3 /* MetadataTests.swift in Sources */,
				85760F70241DCC4A00437BE3 /* BattleNetAPITests.swift in Sources */,
				85760F57241DC75E00437BE3 /* DeckstringTests.swift in Sources */,
			);
			runOnlyForDeploymentPostprocessing = 0;
		};
/* End PBXSourcesBuildPhase section */

/* Begin PBXTargetDependency section */
		607FACE71AFB9204008FA782 /* PBXTargetDependency */ = {
			isa = PBXTargetDependency;
			target = 607FACCF1AFB9204008FA782 /* HearthstoneKit_Example */;
			targetProxy = 607FACE61AFB9204008FA782 /* PBXContainerItemProxy */;
		};
/* End PBXTargetDependency section */

/* Begin PBXVariantGroup section */
		607FACD91AFB9204008FA782 /* Main.storyboard */ = {
			isa = PBXVariantGroup;
			children = (
				607FACDA1AFB9204008FA782 /* Base */,
			);
			name = Main.storyboard;
			sourceTree = "<group>";
		};
		607FACDE1AFB9204008FA782 /* LaunchScreen.xib */ = {
			isa = PBXVariantGroup;
			children = (
				607FACDF1AFB9204008FA782 /* Base */,
			);
			name = LaunchScreen.xib;
			sourceTree = "<group>";
		};
/* End PBXVariantGroup section */

/* Begin XCBuildConfiguration section */
		607FACED1AFB9204008FA782 /* Debug */ = {
			isa = XCBuildConfiguration;
			buildSettings = {
				ALWAYS_SEARCH_USER_PATHS = NO;
				CLANG_CXX_LANGUAGE_STANDARD = "gnu++0x";
				CLANG_CXX_LIBRARY = "libc++";
				CLANG_ENABLE_MODULES = YES;
				CLANG_ENABLE_OBJC_ARC = YES;
				CLANG_WARN_BLOCK_CAPTURE_AUTORELEASING = YES;
				CLANG_WARN_BOOL_CONVERSION = YES;
				CLANG_WARN_COMMA = YES;
				CLANG_WARN_CONSTANT_CONVERSION = YES;
				CLANG_WARN_DIRECT_OBJC_ISA_USAGE = YES_ERROR;
				CLANG_WARN_EMPTY_BODY = YES;
				CLANG_WARN_ENUM_CONVERSION = YES;
				CLANG_WARN_INFINITE_RECURSION = YES;
				CLANG_WARN_INT_CONVERSION = YES;
				CLANG_WARN_NON_LITERAL_NULL_CONVERSION = YES;
				CLANG_WARN_OBJC_LITERAL_CONVERSION = YES;
				CLANG_WARN_OBJC_ROOT_CLASS = YES_ERROR;
				CLANG_WARN_RANGE_LOOP_ANALYSIS = YES;
				CLANG_WARN_STRICT_PROTOTYPES = YES;
				CLANG_WARN_SUSPICIOUS_MOVE = YES;
				CLANG_WARN_UNREACHABLE_CODE = YES;
				CLANG_WARN__DUPLICATE_METHOD_MATCH = YES;
				"CODE_SIGN_IDENTITY[sdk=iphoneos*]" = "iPhone Developer";
				COPY_PHASE_STRIP = NO;
				DEBUG_INFORMATION_FORMAT = "dwarf-with-dsym";
				ENABLE_STRICT_OBJC_MSGSEND = YES;
				ENABLE_TESTABILITY = YES;
				GCC_C_LANGUAGE_STANDARD = gnu99;
				GCC_DYNAMIC_NO_PIC = NO;
				GCC_NO_COMMON_BLOCKS = YES;
				GCC_OPTIMIZATION_LEVEL = 0;
				GCC_PREPROCESSOR_DEFINITIONS = (
					"DEBUG=1",
					"$(inherited)",
				);
				GCC_SYMBOLS_PRIVATE_EXTERN = NO;
				GCC_WARN_64_TO_32_BIT_CONVERSION = YES;
				GCC_WARN_ABOUT_RETURN_TYPE = YES_ERROR;
				GCC_WARN_UNDECLARED_SELECTOR = YES;
				GCC_WARN_UNINITIALIZED_AUTOS = YES_AGGRESSIVE;
				GCC_WARN_UNUSED_FUNCTION = YES;
				GCC_WARN_UNUSED_VARIABLE = YES;
				IPHONEOS_DEPLOYMENT_TARGET = 13.0;
				MTL_ENABLE_DEBUG_INFO = YES;
				ONLY_ACTIVE_ARCH = YES;
				SDKROOT = iphoneos;
				SWIFT_OPTIMIZATION_LEVEL = "-Onone";
			};
			name = Debug;
		};
		607FACEE1AFB9204008FA782 /* Release */ = {
			isa = XCBuildConfiguration;
			buildSettings = {
				ALWAYS_SEARCH_USER_PATHS = NO;
				CLANG_CXX_LANGUAGE_STANDARD = "gnu++0x";
				CLANG_CXX_LIBRARY = "libc++";
				CLANG_ENABLE_MODULES = YES;
				CLANG_ENABLE_OBJC_ARC = YES;
				CLANG_WARN_BLOCK_CAPTURE_AUTORELEASING = YES;
				CLANG_WARN_BOOL_CONVERSION = YES;
				CLANG_WARN_COMMA = YES;
				CLANG_WARN_CONSTANT_CONVERSION = YES;
				CLANG_WARN_DIRECT_OBJC_ISA_USAGE = YES_ERROR;
				CLANG_WARN_EMPTY_BODY = YES;
				CLANG_WARN_ENUM_CONVERSION = YES;
				CLANG_WARN_INFINITE_RECURSION = YES;
				CLANG_WARN_INT_CONVERSION = YES;
				CLANG_WARN_NON_LITERAL_NULL_CONVERSION = YES;
				CLANG_WARN_OBJC_LITERAL_CONVERSION = YES;
				CLANG_WARN_OBJC_ROOT_CLASS = YES_ERROR;
				CLANG_WARN_RANGE_LOOP_ANALYSIS = YES;
				CLANG_WARN_STRICT_PROTOTYPES = YES;
				CLANG_WARN_SUSPICIOUS_MOVE = YES;
				CLANG_WARN_UNREACHABLE_CODE = YES;
				CLANG_WARN__DUPLICATE_METHOD_MATCH = YES;
				"CODE_SIGN_IDENTITY[sdk=iphoneos*]" = "iPhone Developer";
				COPY_PHASE_STRIP = NO;
				DEBUG_INFORMATION_FORMAT = "dwarf-with-dsym";
				ENABLE_NS_ASSERTIONS = NO;
				ENABLE_STRICT_OBJC_MSGSEND = YES;
				GCC_C_LANGUAGE_STANDARD = gnu99;
				GCC_NO_COMMON_BLOCKS = YES;
				GCC_WARN_64_TO_32_BIT_CONVERSION = YES;
				GCC_WARN_ABOUT_RETURN_TYPE = YES_ERROR;
				GCC_WARN_UNDECLARED_SELECTOR = YES;
				GCC_WARN_UNINITIALIZED_AUTOS = YES_AGGRESSIVE;
				GCC_WARN_UNUSED_FUNCTION = YES;
				GCC_WARN_UNUSED_VARIABLE = YES;
				IPHONEOS_DEPLOYMENT_TARGET = 13.0;
				MTL_ENABLE_DEBUG_INFO = NO;
				SDKROOT = iphoneos;
				SWIFT_OPTIMIZATION_LEVEL = "-Owholemodule";
				VALIDATE_PRODUCT = YES;
			};
			name = Release;
		};
		607FACF01AFB9204008FA782 /* Debug */ = {
			isa = XCBuildConfiguration;
			baseConfigurationReference = 3981DA56150863E524FA00B5 /* Pods-HearthstoneKit_Example.debug.xcconfig */;
			buildSettings = {
				ASSETCATALOG_COMPILER_APPICON_NAME = AppIcon;
				INFOPLIST_FILE = HearthstoneKit/Info.plist;
				IPHONEOS_DEPLOYMENT_TARGET = 13.0;
				LD_RUNPATH_SEARCH_PATHS = "$(inherited) @executable_path/Frameworks";
				MODULE_NAME = ExampleApp;
				PRODUCT_BUNDLE_IDENTIFIER = "com.calebfriden.demo.HearthstoneKit-Example";
				PRODUCT_NAME = "$(TARGET_NAME)";
				SWIFT_SWIFT3_OBJC_INFERENCE = Default;
				SWIFT_VERSION = 4.0;
			};
			name = Debug;
		};
		607FACF11AFB9204008FA782 /* Release */ = {
			isa = XCBuildConfiguration;
			baseConfigurationReference = 9D68D4031AF876CEAD4550F3 /* Pods-HearthstoneKit_Example.release.xcconfig */;
			buildSettings = {
				ASSETCATALOG_COMPILER_APPICON_NAME = AppIcon;
				INFOPLIST_FILE = HearthstoneKit/Info.plist;
				IPHONEOS_DEPLOYMENT_TARGET = 13.0;
				LD_RUNPATH_SEARCH_PATHS = "$(inherited) @executable_path/Frameworks";
				MODULE_NAME = ExampleApp;
				PRODUCT_BUNDLE_IDENTIFIER = "com.calebfriden.demo.HearthstoneKit-Example";
				PRODUCT_NAME = "$(TARGET_NAME)";
				SWIFT_SWIFT3_OBJC_INFERENCE = Default;
				SWIFT_VERSION = 4.0;
			};
			name = Release;
		};
		607FACF31AFB9204008FA782 /* Debug */ = {
			isa = XCBuildConfiguration;
			baseConfigurationReference = 29852CE3AC8C15E0B3983648 /* Pods-HearthstoneKit_Tests.debug.xcconfig */;
			buildSettings = {
				FRAMEWORK_SEARCH_PATHS = (
					"$(PLATFORM_DIR)/Developer/Library/Frameworks",
					"$(inherited)",
				);
				GCC_PREPROCESSOR_DEFINITIONS = (
					"DEBUG=1",
					"$(inherited)",
				);
				INFOPLIST_FILE = Tests/Info.plist;
				LD_RUNPATH_SEARCH_PATHS = "$(inherited) @executable_path/Frameworks @loader_path/Frameworks";
				PRODUCT_BUNDLE_IDENTIFIER = "org.cocoapods.$(PRODUCT_NAME:rfc1034identifier)";
				PRODUCT_NAME = "$(TARGET_NAME)";
				SWIFT_SWIFT3_OBJC_INFERENCE = Default;
				SWIFT_VERSION = 4.0;
				TEST_HOST = "$(BUILT_PRODUCTS_DIR)/HearthstoneKit_Example.app/HearthstoneKit_Example";
			};
			name = Debug;
		};
		607FACF41AFB9204008FA782 /* Release */ = {
			isa = XCBuildConfiguration;
			baseConfigurationReference = 45A83DB064C6B0AC366F116C /* Pods-HearthstoneKit_Tests.release.xcconfig */;
			buildSettings = {
				FRAMEWORK_SEARCH_PATHS = (
					"$(PLATFORM_DIR)/Developer/Library/Frameworks",
					"$(inherited)",
				);
				INFOPLIST_FILE = Tests/Info.plist;
				LD_RUNPATH_SEARCH_PATHS = "$(inherited) @executable_path/Frameworks @loader_path/Frameworks";
				PRODUCT_BUNDLE_IDENTIFIER = "org.cocoapods.$(PRODUCT_NAME:rfc1034identifier)";
				PRODUCT_NAME = "$(TARGET_NAME)";
				SWIFT_SWIFT3_OBJC_INFERENCE = Default;
				SWIFT_VERSION = 4.0;
				TEST_HOST = "$(BUILT_PRODUCTS_DIR)/HearthstoneKit_Example.app/HearthstoneKit_Example";
			};
			name = Release;
		};
/* End XCBuildConfiguration section */

/* Begin XCConfigurationList section */
		607FACCB1AFB9204008FA782 /* Build configuration list for PBXProject "HearthstoneKit" */ = {
			isa = XCConfigurationList;
			buildConfigurations = (
				607FACED1AFB9204008FA782 /* Debug */,
				607FACEE1AFB9204008FA782 /* Release */,
			);
			defaultConfigurationIsVisible = 0;
			defaultConfigurationName = Release;
		};
		607FACEF1AFB9204008FA782 /* Build configuration list for PBXNativeTarget "HearthstoneKit_Example" */ = {
			isa = XCConfigurationList;
			buildConfigurations = (
				607FACF01AFB9204008FA782 /* Debug */,
				607FACF11AFB9204008FA782 /* Release */,
			);
			defaultConfigurationIsVisible = 0;
			defaultConfigurationName = Release;
		};
		607FACF21AFB9204008FA782 /* Build configuration list for PBXNativeTarget "HearthstoneKit_Tests" */ = {
			isa = XCConfigurationList;
			buildConfigurations = (
				607FACF31AFB9204008FA782 /* Debug */,
				607FACF41AFB9204008FA782 /* Release */,
			);
			defaultConfigurationIsVisible = 0;
			defaultConfigurationName = Release;
		};
/* End XCConfigurationList section */
	};
	rootObject = 607FACC81AFB9204008FA782 /* Project object */;
}
