// !$*UTF8*$!
{
	archiveVersion = 1;
	classes = {
	};
	objectVersion = 46;
	objects = {

/* Begin PBXBuildFile section */
		3E56FDD1712AD6D46D8BFB8A /* Pods_HearthstoneKit_Tests.framework in Frameworks */ = {isa = PBXBuildFile; fileRef = F033D392725A4EECB5853917 /* Pods_HearthstoneKit_Tests.framework */; };
		85F9FC5423FF9D0E00FDA1E0 /* sample_expansion_set_group.json in Resources */ = {isa = PBXBuildFile; fileRef = 85F9FC4823FF9D0D00FDA1E0 /* sample_expansion_set_group.json */; };
		85F9FC5523FF9D0E00FDA1E0 /* sample_minion_type.json in Resources */ = {isa = PBXBuildFile; fileRef = 85F9FC4923FF9D0D00FDA1E0 /* sample_minion_type.json */; };
		85F9FC5623FF9D0E00FDA1E0 /* sample_card_spell.json in Resources */ = {isa = PBXBuildFile; fileRef = 85F9FC4A23FF9D0D00FDA1E0 /* sample_card_spell.json */; };
		85F9FC5723FF9D0E00FDA1E0 /* sample_rarity.json in Resources */ = {isa = PBXBuildFile; fileRef = 85F9FC4B23FF9D0E00FDA1E0 /* sample_rarity.json */; };
		85F9FC5823FF9D0E00FDA1E0 /* sample_expansion_set.json in Resources */ = {isa = PBXBuildFile; fileRef = 85F9FC4C23FF9D0E00FDA1E0 /* sample_expansion_set.json */; };
		85F9FC5923FF9D0E00FDA1E0 /* sample_deck.json in Resources */ = {isa = PBXBuildFile; fileRef = 85F9FC4D23FF9D0E00FDA1E0 /* sample_deck.json */; };
		85F9FC5A23FF9D0E00FDA1E0 /* sample_card_back_category.json in Resources */ = {isa = PBXBuildFile; fileRef = 85F9FC4E23FF9D0E00FDA1E0 /* sample_card_back_category.json */; };
		85F9FC5B23FF9D0E00FDA1E0 /* sample_player_class.json in Resources */ = {isa = PBXBuildFile; fileRef = 85F9FC4F23FF9D0E00FDA1E0 /* sample_player_class.json */; };
		85F9FC5C23FF9D0E00FDA1E0 /* sample_card_type.json in Resources */ = {isa = PBXBuildFile; fileRef = 85F9FC5023FF9D0E00FDA1E0 /* sample_card_type.json */; };
		85F9FC5D23FF9D0E00FDA1E0 /* sample_card_back.json in Resources */ = {isa = PBXBuildFile; fileRef = 85F9FC5123FF9D0E00FDA1E0 /* sample_card_back.json */; };
		85F9FC5E23FF9D0E00FDA1E0 /* sample_card_keyword.json in Resources */ = {isa = PBXBuildFile; fileRef = 85F9FC5223FF9D0E00FDA1E0 /* sample_card_keyword.json */; };
		85F9FC5F23FF9D0E00FDA1E0 /* sample_game_mode.json in Resources */ = {isa = PBXBuildFile; fileRef = 85F9FC5323FF9D0E00FDA1E0 /* sample_game_mode.json */; };
		85F9FC6223FF9DC500FDA1E0 /* HSKitTestCase.swift in Sources */ = {isa = PBXBuildFile; fileRef = 85F9FC6123FF9DC500FDA1E0 /* HSKitTestCase.swift */; };
		85F9FC6423FF9E6300FDA1E0 /* SampleFile.swift in Sources */ = {isa = PBXBuildFile; fileRef = 85F9FC6323FF9E6300FDA1E0 /* SampleFile.swift */; };
		85F9FC6723FFA07200FDA1E0 /* CardTests.swift in Sources */ = {isa = PBXBuildFile; fileRef = 85F9FC6623FFA07200FDA1E0 /* CardTests.swift */; };
		85F9FC7123FFC40A00FDA1E0 /* CardBackTests.swift in Sources */ = {isa = PBXBuildFile; fileRef = 85F9FC7023FFC40A00FDA1E0 /* CardBackTests.swift */; };
		85F9FC7323FFCBD600FDA1E0 /* sample_card_minion.json in Resources */ = {isa = PBXBuildFile; fileRef = 85F9FC7223FFCBD600FDA1E0 /* sample_card_minion.json */; };
		85F9FC7523FFCC2600FDA1E0 /* sample_card_weapon.json in Resources */ = {isa = PBXBuildFile; fileRef = 85F9FC7423FFCC2600FDA1E0 /* sample_card_weapon.json */; };
		85F9FC7723FFCC7200FDA1E0 /* sample_card_hero_skin.json in Resources */ = {isa = PBXBuildFile; fileRef = 85F9FC7623FFCC7200FDA1E0 /* sample_card_hero_skin.json */; };
		85F9FC7B2402167000FDA1E0 /* DecklistTests.swift in Sources */ = {isa = PBXBuildFile; fileRef = 85F9FC7A2402167000FDA1E0 /* DecklistTests.swift */; };
		85F9FC7D24037B8A00FDA1E0 /* sample_card_hero_playable.json in Resources */ = {isa = PBXBuildFile; fileRef = 85F9FC7C24037B8A00FDA1E0 /* sample_card_hero_playable.json */; };
/* End PBXBuildFile section */

/* Begin PBXFileReference section */
		607FACE51AFB9204008FA782 /* HearthstoneKit_Tests.xctest */ = {isa = PBXFileReference; explicitFileType = wrapper.cfbundle; includeInIndex = 0; path = HearthstoneKit_Tests.xctest; sourceTree = BUILT_PRODUCTS_DIR; };
		68AAA61CFFC9207FE98B9198 /* Pods-HearthstoneKit_Tests.debug.xcconfig */ = {isa = PBXFileReference; includeInIndex = 1; lastKnownFileType = text.xcconfig; name = "Pods-HearthstoneKit_Tests.debug.xcconfig"; path = "Target Support Files/Pods-HearthstoneKit_Tests/Pods-HearthstoneKit_Tests.debug.xcconfig"; sourceTree = "<group>"; };
		6AF1CC0EF602D1E7C39A4519 /* Pods-HearthstoneKit_Tests.release.xcconfig */ = {isa = PBXFileReference; includeInIndex = 1; lastKnownFileType = text.xcconfig; name = "Pods-HearthstoneKit_Tests.release.xcconfig"; path = "Target Support Files/Pods-HearthstoneKit_Tests/Pods-HearthstoneKit_Tests.release.xcconfig"; sourceTree = "<group>"; };
		735B80324A464AB546ABDF0A /* HearthstoneKit.podspec */ = {isa = PBXFileReference; includeInIndex = 1; lastKnownFileType = text; name = HearthstoneKit.podspec; path = ../HearthstoneKit.podspec; sourceTree = "<group>"; xcLanguageSpecificationIdentifier = xcode.lang.ruby; };
		85F9FC4823FF9D0D00FDA1E0 /* sample_expansion_set_group.json */ = {isa = PBXFileReference; fileEncoding = 4; lastKnownFileType = text.json; path = sample_expansion_set_group.json; sourceTree = "<group>"; };
		85F9FC4923FF9D0D00FDA1E0 /* sample_minion_type.json */ = {isa = PBXFileReference; fileEncoding = 4; lastKnownFileType = text.json; path = sample_minion_type.json; sourceTree = "<group>"; };
		85F9FC4A23FF9D0D00FDA1E0 /* sample_card_spell.json */ = {isa = PBXFileReference; fileEncoding = 4; lastKnownFileType = text.json; path = sample_card_spell.json; sourceTree = "<group>"; };
		85F9FC4B23FF9D0E00FDA1E0 /* sample_rarity.json */ = {isa = PBXFileReference; fileEncoding = 4; lastKnownFileType = text.json; path = sample_rarity.json; sourceTree = "<group>"; };
		85F9FC4C23FF9D0E00FDA1E0 /* sample_expansion_set.json */ = {isa = PBXFileReference; fileEncoding = 4; lastKnownFileType = text.json; path = sample_expansion_set.json; sourceTree = "<group>"; };
		85F9FC4D23FF9D0E00FDA1E0 /* sample_deck.json */ = {isa = PBXFileReference; fileEncoding = 4; lastKnownFileType = text.json; path = sample_deck.json; sourceTree = "<group>"; };
		85F9FC4E23FF9D0E00FDA1E0 /* sample_card_back_category.json */ = {isa = PBXFileReference; fileEncoding = 4; lastKnownFileType = text.json; path = sample_card_back_category.json; sourceTree = "<group>"; };
		85F9FC4F23FF9D0E00FDA1E0 /* sample_player_class.json */ = {isa = PBXFileReference; fileEncoding = 4; lastKnownFileType = text.json; path = sample_player_class.json; sourceTree = "<group>"; };
		85F9FC5023FF9D0E00FDA1E0 /* sample_card_type.json */ = {isa = PBXFileReference; fileEncoding = 4; lastKnownFileType = text.json; path = sample_card_type.json; sourceTree = "<group>"; };
		85F9FC5123FF9D0E00FDA1E0 /* sample_card_back.json */ = {isa = PBXFileReference; fileEncoding = 4; lastKnownFileType = text.json; path = sample_card_back.json; sourceTree = "<group>"; };
		85F9FC5223FF9D0E00FDA1E0 /* sample_card_keyword.json */ = {isa = PBXFileReference; fileEncoding = 4; lastKnownFileType = text.json; path = sample_card_keyword.json; sourceTree = "<group>"; };
		85F9FC5323FF9D0E00FDA1E0 /* sample_game_mode.json */ = {isa = PBXFileReference; fileEncoding = 4; lastKnownFileType = text.json; path = sample_game_mode.json; sourceTree = "<group>"; };
		85F9FC6123FF9DC500FDA1E0 /* HSKitTestCase.swift */ = {isa = PBXFileReference; lastKnownFileType = sourcecode.swift; path = HSKitTestCase.swift; sourceTree = "<group>"; };
		85F9FC6323FF9E6300FDA1E0 /* SampleFile.swift */ = {isa = PBXFileReference; lastKnownFileType = sourcecode.swift; path = SampleFile.swift; sourceTree = "<group>"; };
		85F9FC6623FFA07200FDA1E0 /* CardTests.swift */ = {isa = PBXFileReference; lastKnownFileType = sourcecode.swift; path = CardTests.swift; sourceTree = "<group>"; };
		85F9FC6B23FFA56F00FDA1E0 /* Info.plist */ = {isa = PBXFileReference; fileEncoding = 4; lastKnownFileType = text.plist.xml; path = Info.plist; sourceTree = "<group>"; };
		85F9FC7023FFC40A00FDA1E0 /* CardBackTests.swift */ = {isa = PBXFileReference; lastKnownFileType = sourcecode.swift; path = CardBackTests.swift; sourceTree = "<group>"; };
		85F9FC7223FFCBD600FDA1E0 /* sample_card_minion.json */ = {isa = PBXFileReference; fileEncoding = 4; lastKnownFileType = text.json; path = sample_card_minion.json; sourceTree = "<group>"; };
		85F9FC7423FFCC2600FDA1E0 /* sample_card_weapon.json */ = {isa = PBXFileReference; fileEncoding = 4; lastKnownFileType = text.json; path = sample_card_weapon.json; sourceTree = "<group>"; };
		85F9FC7623FFCC7200FDA1E0 /* sample_card_hero_skin.json */ = {isa = PBXFileReference; fileEncoding = 4; lastKnownFileType = text.json; path = sample_card_hero_skin.json; sourceTree = "<group>"; };
		85F9FC7A2402167000FDA1E0 /* DecklistTests.swift */ = {isa = PBXFileReference; lastKnownFileType = sourcecode.swift; path = DecklistTests.swift; sourceTree = "<group>"; };
		85F9FC7C24037B8A00FDA1E0 /* sample_card_hero_playable.json */ = {isa = PBXFileReference; fileEncoding = 4; lastKnownFileType = text.json; path = sample_card_hero_playable.json; sourceTree = "<group>"; };
		980ED8C6481519B5202062E5 /* LICENSE */ = {isa = PBXFileReference; includeInIndex = 1; lastKnownFileType = text; name = LICENSE; path = ../LICENSE; sourceTree = "<group>"; };
		B34CC775BCE1429053B8CB61 /* README.md */ = {isa = PBXFileReference; includeInIndex = 1; lastKnownFileType = net.daringfireball.markdown; name = README.md; path = ../README.md; sourceTree = "<group>"; };
		F033D392725A4EECB5853917 /* Pods_HearthstoneKit_Tests.framework */ = {isa = PBXFileReference; explicitFileType = wrapper.framework; includeInIndex = 0; path = Pods_HearthstoneKit_Tests.framework; sourceTree = BUILT_PRODUCTS_DIR; };
/* End PBXFileReference section */

/* Begin PBXFrameworksBuildPhase section */
		607FACE21AFB9204008FA782 /* Frameworks */ = {
			isa = PBXFrameworksBuildPhase;
			buildActionMask = 2147483647;
			files = (
				3E56FDD1712AD6D46D8BFB8A /* Pods_HearthstoneKit_Tests.framework in Frameworks */,
			);
			runOnlyForDeploymentPostprocessing = 0;
		};
/* End PBXFrameworksBuildPhase section */

/* Begin PBXGroup section */
		607FACC71AFB9204008FA782 = {
			isa = PBXGroup;
			children = (
				607FACF51AFB993E008FA782 /* Podspec Metadata */,
				607FACE81AFB9204008FA782 /* Tests */,
				607FACD11AFB9204008FA782 /* Products */,
				716A9E1D4C26217D0FB9B099 /* Pods */,
				AB015BFD5FDD59C9598CA758 /* Frameworks */,
			);
			sourceTree = "<group>";
		};
		607FACD11AFB9204008FA782 /* Products */ = {
			isa = PBXGroup;
			children = (
				607FACE51AFB9204008FA782 /* HearthstoneKit_Tests.xctest */,
			);
			name = Products;
			sourceTree = "<group>";
		};
		607FACE81AFB9204008FA782 /* Tests */ = {
			isa = PBXGroup;
			children = (
				85F9FC6523FFA04C00FDA1E0 /* Models */,
				85F9FC6023FF9D8000FDA1E0 /* Testing Support */,
				607FACE91AFB9204008FA782 /* Supporting Files */,
				85F9FC7A2402167000FDA1E0 /* DecklistTests.swift */,
			);
			path = Tests;
			sourceTree = "<group>";
		};
		607FACE91AFB9204008FA782 /* Supporting Files */ = {
			isa = PBXGroup;
			children = (
				85F9FC4E23FF9D0E00FDA1E0 /* sample_card_back_category.json */,
				85F9FC5123FF9D0E00FDA1E0 /* sample_card_back.json */,
				85F9FC5223FF9D0E00FDA1E0 /* sample_card_keyword.json */,
				85F9FC5023FF9D0E00FDA1E0 /* sample_card_type.json */,
				85F9FC4A23FF9D0D00FDA1E0 /* sample_card_spell.json */,
				85F9FC7223FFCBD600FDA1E0 /* sample_card_minion.json */,
				85F9FC7423FFCC2600FDA1E0 /* sample_card_weapon.json */,
				85F9FC7623FFCC7200FDA1E0 /* sample_card_hero_skin.json */,
				85F9FC7C24037B8A00FDA1E0 /* sample_card_hero_playable.json */,
				85F9FC4D23FF9D0E00FDA1E0 /* sample_deck.json */,
				85F9FC4823FF9D0D00FDA1E0 /* sample_expansion_set_group.json */,
				85F9FC4C23FF9D0E00FDA1E0 /* sample_expansion_set.json */,
				85F9FC5323FF9D0E00FDA1E0 /* sample_game_mode.json */,
				85F9FC4923FF9D0D00FDA1E0 /* sample_minion_type.json */,
				85F9FC4F23FF9D0E00FDA1E0 /* sample_player_class.json */,
				85F9FC4B23FF9D0E00FDA1E0 /* sample_rarity.json */,
				85F9FC6B23FFA56F00FDA1E0 /* Info.plist */,
			);
			name = "Supporting Files";
			sourceTree = "<group>";
		};
		607FACF51AFB993E008FA782 /* Podspec Metadata */ = {
			isa = PBXGroup;
			children = (
				735B80324A464AB546ABDF0A /* HearthstoneKit.podspec */,
				B34CC775BCE1429053B8CB61 /* README.md */,
				980ED8C6481519B5202062E5 /* LICENSE */,
			);
			name = "Podspec Metadata";
			sourceTree = "<group>";
		};
		716A9E1D4C26217D0FB9B099 /* Pods */ = {
			isa = PBXGroup;
			children = (
				68AAA61CFFC9207FE98B9198 /* Pods-HearthstoneKit_Tests.debug.xcconfig */,
				6AF1CC0EF602D1E7C39A4519 /* Pods-HearthstoneKit_Tests.release.xcconfig */,
			);
			path = Pods;
			sourceTree = "<group>";
		};
		85F9FC6023FF9D8000FDA1E0 /* Testing Support */ = {
			isa = PBXGroup;
			children = (
				85F9FC6123FF9DC500FDA1E0 /* HSKitTestCase.swift */,
				85F9FC6323FF9E6300FDA1E0 /* SampleFile.swift */,
			);
			path = "Testing Support";
			sourceTree = "<group>";
		};
		85F9FC6523FFA04C00FDA1E0 /* Models */ = {
			isa = PBXGroup;
			children = (
				85F9FC6623FFA07200FDA1E0 /* CardTests.swift */,
				85F9FC7023FFC40A00FDA1E0 /* CardBackTests.swift */,
			);
			path = Models;
			sourceTree = "<group>";
		};
		AB015BFD5FDD59C9598CA758 /* Frameworks */ = {
			isa = PBXGroup;
			children = (
				F033D392725A4EECB5853917 /* Pods_HearthstoneKit_Tests.framework */,
			);
			name = Frameworks;
			sourceTree = "<group>";
		};
/* End PBXGroup section */

/* Begin PBXNativeTarget section */
		607FACE41AFB9204008FA782 /* HearthstoneKit_Tests */ = {
			isa = PBXNativeTarget;
			buildConfigurationList = 607FACF21AFB9204008FA782 /* Build configuration list for PBXNativeTarget "HearthstoneKit_Tests" */;
			buildPhases = (
				F485D74B3AAD87E056172918 /* [CP] Check Pods Manifest.lock */,
				607FACE11AFB9204008FA782 /* Sources */,
				607FACE21AFB9204008FA782 /* Frameworks */,
				607FACE31AFB9204008FA782 /* Resources */,
				B4101EAB4AA905895B6B270C /* [CP] Embed Pods Frameworks */,
			);
			buildRules = (
			);
			dependencies = (
			);
			name = HearthstoneKit_Tests;
			productName = Tests;
			productReference = 607FACE51AFB9204008FA782 /* HearthstoneKit_Tests.xctest */;
			productType = "com.apple.product-type.bundle.unit-test";
		};
/* End PBXNativeTarget section */

/* Begin PBXProject section */
		607FACC81AFB9204008FA782 /* Project object */ = {
			isa = PBXProject;
			attributes = {
				LastSwiftUpdateCheck = 0830;
				LastUpgradeCheck = 1130;
				ORGANIZATIONNAME = CocoaPods;
				TargetAttributes = {
					607FACE41AFB9204008FA782 = {
						CreatedOnToolsVersion = 6.3.1;
						DevelopmentTeam = 2524DUVEAT;
						LastSwiftMigration = 1130;
					};
				};
			};
			buildConfigurationList = 607FACCB1AFB9204008FA782 /* Build configuration list for PBXProject "HearthstoneKit" */;
			compatibilityVersion = "Xcode 3.2";
			developmentRegion = English;
			hasScannedForEncodings = 0;
			knownRegions = (
				English,
				en,
				Base,
			);
			mainGroup = 607FACC71AFB9204008FA782;
			productRefGroup = 607FACD11AFB9204008FA782 /* Products */;
			projectDirPath = "";
			projectRoot = "";
			targets = (
				607FACE41AFB9204008FA782 /* HearthstoneKit_Tests */,
			);
		};
/* End PBXProject section */

/* Begin PBXResourcesBuildPhase section */
		607FACE31AFB9204008FA782 /* Resources */ = {
			isa = PBXResourcesBuildPhase;
			buildActionMask = 2147483647;
			files = (
				85F9FC5A23FF9D0E00FDA1E0 /* sample_card_back_category.json in Resources */,
				85F9FC5C23FF9D0E00FDA1E0 /* sample_card_type.json in Resources */,
				85F9FC5423FF9D0E00FDA1E0 /* sample_expansion_set_group.json in Resources */,
				85F9FC5823FF9D0E00FDA1E0 /* sample_expansion_set.json in Resources */,
				85F9FC7323FFCBD600FDA1E0 /* sample_card_minion.json in Resources */,
				85F9FC5E23FF9D0E00FDA1E0 /* sample_card_keyword.json in Resources */,
				85F9FC5B23FF9D0E00FDA1E0 /* sample_player_class.json in Resources */,
				85F9FC7D24037B8A00FDA1E0 /* sample_card_hero_playable.json in Resources */,
				85F9FC5923FF9D0E00FDA1E0 /* sample_deck.json in Resources */,
				85F9FC7723FFCC7200FDA1E0 /* sample_card_hero_skin.json in Resources */,
				85F9FC5623FF9D0E00FDA1E0 /* sample_card_spell.json in Resources */,
				85F9FC7523FFCC2600FDA1E0 /* sample_card_weapon.json in Resources */,
				85F9FC5F23FF9D0E00FDA1E0 /* sample_game_mode.json in Resources */,
				85F9FC5723FF9D0E00FDA1E0 /* sample_rarity.json in Resources */,
				85F9FC5D23FF9D0E00FDA1E0 /* sample_card_back.json in Resources */,
				85F9FC5523FF9D0E00FDA1E0 /* sample_minion_type.json in Resources */,
			);
			runOnlyForDeploymentPostprocessing = 0;
		};
/* End PBXResourcesBuildPhase section */

/* Begin PBXShellScriptBuildPhase section */
		B4101EAB4AA905895B6B270C /* [CP] Embed Pods Frameworks */ = {
			isa = PBXShellScriptBuildPhase;
			buildActionMask = 2147483647;
			files = (
			);
			inputPaths = (
				"${PODS_ROOT}/Target Support Files/Pods-HearthstoneKit_Tests/Pods-HearthstoneKit_Tests-frameworks.sh",
				"${BUILT_PRODUCTS_DIR}/HearthstoneKit/HearthstoneKit.framework",
			);
			name = "[CP] Embed Pods Frameworks";
			outputPaths = (
				"${TARGET_BUILD_DIR}/${FRAMEWORKS_FOLDER_PATH}/HearthstoneKit.framework",
			);
			runOnlyForDeploymentPostprocessing = 0;
			shellPath = /bin/sh;
			shellScript = "\"${PODS_ROOT}/Target Support Files/Pods-HearthstoneKit_Tests/Pods-HearthstoneKit_Tests-frameworks.sh\"\n";
			showEnvVarsInLog = 0;
		};
		F485D74B3AAD87E056172918 /* [CP] Check Pods Manifest.lock */ = {
			isa = PBXShellScriptBuildPhase;
			buildActionMask = 2147483647;
			files = (
			);
			inputFileListPaths = (
			);
			inputPaths = (
				"${PODS_PODFILE_DIR_PATH}/Podfile.lock",
				"${PODS_ROOT}/Manifest.lock",
			);
			name = "[CP] Check Pods Manifest.lock";
			outputFileListPaths = (
			);
			outputPaths = (
				"$(DERIVED_FILE_DIR)/Pods-HearthstoneKit_Tests-checkManifestLockResult.txt",
			);
			runOnlyForDeploymentPostprocessing = 0;
			shellPath = /bin/sh;
			shellScript = "diff \"${PODS_PODFILE_DIR_PATH}/Podfile.lock\" \"${PODS_ROOT}/Manifest.lock\" > /dev/null\nif [ $? != 0 ] ; then\n    # print error to STDERR\n    echo \"error: The sandbox is not in sync with the Podfile.lock. Run 'pod install' or update your CocoaPods installation.\" >&2\n    exit 1\nfi\n# This output is used by Xcode 'outputs' to avoid re-running this script phase.\necho \"SUCCESS\" > \"${SCRIPT_OUTPUT_FILE_0}\"\n";
			showEnvVarsInLog = 0;
		};
/* End PBXShellScriptBuildPhase section */

/* Begin PBXSourcesBuildPhase section */
		607FACE11AFB9204008FA782 /* Sources */ = {
			isa = PBXSourcesBuildPhase;
			buildActionMask = 2147483647;
			files = (
				85F9FC7123FFC40A00FDA1E0 /* CardBackTests.swift in Sources */,
				85F9FC6723FFA07200FDA1E0 /* CardTests.swift in Sources */,
				85F9FC6223FF9DC500FDA1E0 /* HSKitTestCase.swift in Sources */,
				85F9FC6423FF9E6300FDA1E0 /* SampleFile.swift in Sources */,
				85F9FC7B2402167000FDA1E0 /* DecklistTests.swift in Sources */,
			);
			runOnlyForDeploymentPostprocessing = 0;
		};
/* End PBXSourcesBuildPhase section */

/* Begin XCBuildConfiguration section */
		607FACED1AFB9204008FA782 /* Debug */ = {
			isa = XCBuildConfiguration;
			buildSettings = {
				ALWAYS_SEARCH_USER_PATHS = NO;
				CLANG_ANALYZER_LOCALIZABILITY_NONLOCALIZED = YES;
				CLANG_CXX_LANGUAGE_STANDARD = "gnu++0x";
				CLANG_CXX_LIBRARY = "libc++";
				CLANG_ENABLE_MODULES = YES;
				CLANG_ENABLE_OBJC_ARC = YES;
				CLANG_WARN_BLOCK_CAPTURE_AUTORELEASING = YES;
				CLANG_WARN_BOOL_CONVERSION = YES;
				CLANG_WARN_COMMA = YES;
				CLANG_WARN_CONSTANT_CONVERSION = YES;
				CLANG_WARN_DEPRECATED_OBJC_IMPLEMENTATIONS = YES;
				CLANG_WARN_DIRECT_OBJC_ISA_USAGE = YES_ERROR;
				CLANG_WARN_EMPTY_BODY = YES;
				CLANG_WARN_ENUM_CONVERSION = YES;
				CLANG_WARN_INFINITE_RECURSION = YES;
				CLANG_WARN_INT_CONVERSION = YES;
				CLANG_WARN_NON_LITERAL_NULL_CONVERSION = YES;
				CLANG_WARN_OBJC_IMPLICIT_RETAIN_SELF = YES;
				CLANG_WARN_OBJC_LITERAL_CONVERSION = YES;
				CLANG_WARN_OBJC_ROOT_CLASS = YES_ERROR;
				CLANG_WARN_RANGE_LOOP_ANALYSIS = YES;
				CLANG_WARN_STRICT_PROTOTYPES = YES;
				CLANG_WARN_SUSPICIOUS_MOVE = YES;
				CLANG_WARN_UNREACHABLE_CODE = YES;
				CLANG_WARN__DUPLICATE_METHOD_MATCH = YES;
				"CODE_SIGN_IDENTITY[sdk=iphoneos*]" = "iPhone Developer";
				COPY_PHASE_STRIP = NO;
				DEBUG_INFORMATION_FORMAT = "dwarf-with-dsym";
				ENABLE_STRICT_OBJC_MSGSEND = YES;
				ENABLE_TESTABILITY = YES;
				GCC_C_LANGUAGE_STANDARD = gnu99;
				GCC_DYNAMIC_NO_PIC = NO;
				GCC_NO_COMMON_BLOCKS = YES;
				GCC_OPTIMIZATION_LEVEL = 0;
				GCC_PREPROCESSOR_DEFINITIONS = (
					"DEBUG=1",
					"$(inherited)",
				);
				GCC_SYMBOLS_PRIVATE_EXTERN = NO;
				GCC_WARN_64_TO_32_BIT_CONVERSION = YES;
				GCC_WARN_ABOUT_RETURN_TYPE = YES_ERROR;
				GCC_WARN_UNDECLARED_SELECTOR = YES;
				GCC_WARN_UNINITIALIZED_AUTOS = YES_AGGRESSIVE;
				GCC_WARN_UNUSED_FUNCTION = YES;
				GCC_WARN_UNUSED_VARIABLE = YES;
				IPHONEOS_DEPLOYMENT_TARGET = 13.0;
				MTL_ENABLE_DEBUG_INFO = YES;
				ONLY_ACTIVE_ARCH = YES;
				SDKROOT = iphoneos;
				SWIFT_OPTIMIZATION_LEVEL = "-Onone";
			};
			name = Debug;
		};
		607FACEE1AFB9204008FA782 /* Release */ = {
			isa = XCBuildConfiguration;
			buildSettings = {
				ALWAYS_SEARCH_USER_PATHS = NO;
				CLANG_ANALYZER_LOCALIZABILITY_NONLOCALIZED = YES;
				CLANG_CXX_LANGUAGE_STANDARD = "gnu++0x";
				CLANG_CXX_LIBRARY = "libc++";
				CLANG_ENABLE_MODULES = YES;
				CLANG_ENABLE_OBJC_ARC = YES;
				CLANG_WARN_BLOCK_CAPTURE_AUTORELEASING = YES;
				CLANG_WARN_BOOL_CONVERSION = YES;
				CLANG_WARN_COMMA = YES;
				CLANG_WARN_CONSTANT_CONVERSION = YES;
				CLANG_WARN_DEPRECATED_OBJC_IMPLEMENTATIONS = YES;
				CLANG_WARN_DIRECT_OBJC_ISA_USAGE = YES_ERROR;
				CLANG_WARN_EMPTY_BODY = YES;
				CLANG_WARN_ENUM_CONVERSION = YES;
				CLANG_WARN_INFINITE_RECURSION = YES;
				CLANG_WARN_INT_CONVERSION = YES;
				CLANG_WARN_NON_LITERAL_NULL_CONVERSION = YES;
				CLANG_WARN_OBJC_IMPLICIT_RETAIN_SELF = YES;
				CLANG_WARN_OBJC_LITERAL_CONVERSION = YES;
				CLANG_WARN_OBJC_ROOT_CLASS = YES_ERROR;
				CLANG_WARN_RANGE_LOOP_ANALYSIS = YES;
				CLANG_WARN_STRICT_PROTOTYPES = YES;
				CLANG_WARN_SUSPICIOUS_MOVE = YES;
				CLANG_WARN_UNREACHABLE_CODE = YES;
				CLANG_WARN__DUPLICATE_METHOD_MATCH = YES;
				"CODE_SIGN_IDENTITY[sdk=iphoneos*]" = "iPhone Developer";
				COPY_PHASE_STRIP = NO;
				DEBUG_INFORMATION_FORMAT = "dwarf-with-dsym";
				ENABLE_NS_ASSERTIONS = NO;
				ENABLE_STRICT_OBJC_MSGSEND = YES;
				GCC_C_LANGUAGE_STANDARD = gnu99;
				GCC_NO_COMMON_BLOCKS = YES;
				GCC_WARN_64_TO_32_BIT_CONVERSION = YES;
				GCC_WARN_ABOUT_RETURN_TYPE = YES_ERROR;
				GCC_WARN_UNDECLARED_SELECTOR = YES;
				GCC_WARN_UNINITIALIZED_AUTOS = YES_AGGRESSIVE;
				GCC_WARN_UNUSED_FUNCTION = YES;
				GCC_WARN_UNUSED_VARIABLE = YES;
				IPHONEOS_DEPLOYMENT_TARGET = 13.0;
				MTL_ENABLE_DEBUG_INFO = NO;
				SDKROOT = iphoneos;
				SWIFT_OPTIMIZATION_LEVEL = "-Owholemodule";
				VALIDATE_PRODUCT = YES;
			};
			name = Release;
		};
		607FACF31AFB9204008FA782 /* Debug */ = {
			isa = XCBuildConfiguration;
			baseConfigurationReference = 68AAA61CFFC9207FE98B9198 /* Pods-HearthstoneKit_Tests.debug.xcconfig */;
			buildSettings = {
				CLANG_ENABLE_MODULES = YES;
				DEVELOPMENT_TEAM = 2524DUVEAT;
				FRAMEWORK_SEARCH_PATHS = (
					"$(PLATFORM_DIR)/Developer/Library/Frameworks",
					"$(inherited)",
				);
				GCC_PREPROCESSOR_DEFINITIONS = (
					"DEBUG=1",
					"$(inherited)",
				);
				INFOPLIST_FILE = Tests/Info.plist;
				LD_RUNPATH_SEARCH_PATHS = "$(inherited) @executable_path/Frameworks @loader_path/Frameworks";
				PRODUCT_BUNDLE_IDENTIFIER = "org.cocoapods.$(PRODUCT_NAME:rfc1034identifier)";
				PRODUCT_NAME = "$(TARGET_NAME)";
				SWIFT_OPTIMIZATION_LEVEL = "-Onone";
				SWIFT_SWIFT3_OBJC_INFERENCE = Default;
				SWIFT_VERSION = 4.0;
			};
			name = Debug;
		};
		607FACF41AFB9204008FA782 /* Release */ = {
			isa = XCBuildConfiguration;
			baseConfigurationReference = 6AF1CC0EF602D1E7C39A4519 /* Pods-HearthstoneKit_Tests.release.xcconfig */;
			buildSettings = {
				CLANG_ENABLE_MODULES = YES;
				DEVELOPMENT_TEAM = 2524DUVEAT;
				FRAMEWORK_SEARCH_PATHS = (
					"$(PLATFORM_DIR)/Developer/Library/Frameworks",
					"$(inherited)",
				);
				INFOPLIST_FILE = Tests/Info.plist;
				LD_RUNPATH_SEARCH_PATHS = "$(inherited) @executable_path/Frameworks @loader_path/Frameworks";
				PRODUCT_BUNDLE_IDENTIFIER = "org.cocoapods.$(PRODUCT_NAME:rfc1034identifier)";
				PRODUCT_NAME = "$(TARGET_NAME)";
				SWIFT_SWIFT3_OBJC_INFERENCE = Default;
				SWIFT_VERSION = 4.0;
			};
			name = Release;
		};
/* End XCBuildConfiguration section */

/* Begin XCConfigurationList section */
		607FACCB1AFB9204008FA782 /* Build configuration list for PBXProject "HearthstoneKit" */ = {
			isa = XCConfigurationList;
			buildConfigurations = (
				607FACED1AFB9204008FA782 /* Debug */,
				607FACEE1AFB9204008FA782 /* Release */,
			);
			defaultConfigurationIsVisible = 0;
			defaultConfigurationName = Release;
		};
		607FACF21AFB9204008FA782 /* Build configuration list for PBXNativeTarget "HearthstoneKit_Tests" */ = {
			isa = XCConfigurationList;
			buildConfigurations = (
				607FACF31AFB9204008FA782 /* Debug */,
				607FACF41AFB9204008FA782 /* Release */,
			);
			defaultConfigurationIsVisible = 0;
			defaultConfigurationName = Release;
		};
/* End XCConfigurationList section */
	};
	rootObject = 607FACC81AFB9204008FA782 /* Project object */;
}
